{
  "name": "babylonwork",
  "lockfileVersion": 2,
  "requires": true,
  "packages": {
    "": {
      "dependencies": {
        "babylonjs": "^5.8.0",
        "babylonjs-viewer": "^5.8.0"
      }
    },
    "node_modules/babylonjs": {
      "version": "5.8.0",
      "resolved": "https://registry.npmjs.org/babylonjs/-/babylonjs-5.8.0.tgz",
      "integrity": "sha512-j1xFg1KvKnN+mewwpAZnjD52VjmRQ/utB+ur9YZjLMiEcKT4rnbg/rOQ+iHK/h1wuibQ6XIrug37nwHxf/Lncw=="
    },
    "node_modules/babylonjs-gltf2interface": {
      "version": "5.8.0",
      "resolved": "https://registry.npmjs.org/babylonjs-gltf2interface/-/babylonjs-gltf2interface-5.8.0.tgz",
      "integrity": "sha512-60vqZ100RtwexfYnTD2CuKxOpKi8D0KCdU05GCU87BgV6ZavdmmDi04EsGYaH0AH8ygq3AusFyWFiuhTC0gCKQ=="
    },
    "node_modules/babylonjs-viewer": {
      "version": "5.8.0",
      "resolved": "https://registry.npmjs.org/babylonjs-viewer/-/babylonjs-viewer-5.8.0.tgz",
      "integrity": "sha512-BzY6SFqMtGxZ+PaGIVOCNlm6MtHOEA0WGc0wuaFKkmpzQaOH1Z9E1zmImGQGFrXjwU3dTYgz9VKfZ1T87TrNrQ==",
      "dependencies": {
        "babylonjs-gltf2interface": "^5.8.0"
      }
    }
  },
  "dependencies": {
    "babylonjs": {
      "version": "5.8.0",
      "resolved": "https://registry.npmjs.org/babylonjs/-/babylonjs-5.8.0.tgz",
      "integrity": "sha512-j1xFg1KvKnN+mewwpAZnjD52VjmRQ/utB+ur9YZjLMiEcKT4rnbg/rOQ+iHK/h1wuibQ6XIrug37nwHxf/Lncw=="
    },
    "babylonjs-gltf2interface": {
      "version": "5.8.0",
      "resolved": "https://registry.npmjs.org/babylonjs-gltf2interface/-/babylonjs-gltf2interface-5.8.0.tgz",
      "integrity": "sha512-60vqZ100RtwexfYnTD2CuKxOpKi8D0KCdU05GCU87BgV6ZavdmmDi04EsGYaH0AH8ygq3AusFyWFiuhTC0gCKQ=="
    },
    "babylonjs-viewer": {
      "version": "5.8.0",
      "resolved": "https://registry.npmjs.org/babylonjs-viewer/-/babylonjs-viewer-5.8.0.tgz",
      "integrity": "sha512-BzY6SFqMtGxZ+PaGIVOCNlm6MtHOEA0WGc0wuaFKkmpzQaOH1Z9E1zmImGQGFrXjwU3dTYgz9VKfZ1T87TrNrQ==",
      "requires": {
        "babylonjs-gltf2interface": "^5.8.0"
      }
    }
  }
}
